
Microsoft Visual Studio Solution File, Format Version 12.00
# Visual Studio Version 17
VisualStudioVersion = 17.0.31912.275
MinimumVisualStudioVersion = 10.0.40219.1
Project("{2150E333-8FDC-42A3-9474-1A3956D46DE8}") = "src", "src", "{3F1236B8-785A-42F9-B67A-29A1E76401AE}"
EndProject
Project("{2150E333-8FDC-42A3-9474-1A3956D46DE8}") = "tests", "tests", "{8B3DBAED-2AF1-45CD-B6B2-29D1DE0F2C73}"
EndProject
Project("{2150E333-8FDC-42A3-9474-1A3956D46DE8}") = "API", "API", "{C9BAA2CA-D2E7-4065-9898-110C26CCB279}"
EndProject
Project("{2150E333-8FDC-42A3-9474-1A3956D46DE8}") = "Core", "Core", "{6033172F-6028-451F-9A72-8DD446FEFDC5}"
EndProject
Project("{2150E333-8FDC-42A3-9474-1A3956D46DE8}") = "Infrastructure", "Infrastructure", "{DCD24EBE-C0F9-432D-9D45-9B65B97305F4}"
EndProject
Project("{2150E333-8FDC-42A3-9474-1A3956D46DE8}") = "UI", "UI", "{1F25FC73-DBA9-4E0B-9D76-CAC153A81864}"
EndProject
Project("{9A19103F-16F7-4668-BE54-9A1E7A4F7556}") = "Restaurant.Domain", "Restaurant.Domain\Restaurant.Domain.csproj", "{91C696CA-FF9B-428F-A428-FC0171E9A02D}"
EndProject
Project("{9A19103F-16F7-4668-BE54-9A1E7A4F7556}") = "Restaurant.Application", "Restaurant.Application\Restaurant.Application.csproj", "{651D13FB-6EEA-4673-9AAD-CD861152F35F}"
EndProject
Project("{9A19103F-16F7-4668-BE54-9A1E7A4F7556}") = "Restaurant.Infrastructure", "Restaurant.Infrastructure\Restaurant.Infrastructure.csproj", "{52FB8FEE-9BDF-421F-B6D0-43D83B157767}"
EndProject
Project("{9A19103F-16F7-4668-BE54-9A1E7A4F7556}") = "Restaurant.Presistence", "Restaurant.Presistence\Restaurant.Presistence.csproj", "{4553B899-E4F9-4FA2-AC3D-EDE96D2EA261}"
EndProject
Project("{9A19103F-16F7-4668-BE54-9A1E7A4F7556}") = "Restaurant.Api", "Restaurant.Api\Restaurant.Api.csproj", "{E8726D56-E015-4E87-944F-C006E3AED774}"
EndProject
Project("{9A19103F-16F7-4668-BE54-9A1E7A4F7556}") = "Restaurant.MVC", "Restaurant.MVC\Restaurant.MVC.csproj", "{90624426-772D-467E-BBAA-8836651AA671}"
EndProject
Project("{FAE04EC0-301F-11D3-BF4B-00C04F79EFBC}") = "Restaurant.Identity", "Restaurant.Identity\Restaurant.Identity.csproj", "{E4C20EA3-FE1E-4DF0-B0AB-D7002A23149F}"
EndProject
Global
	GlobalSection(SolutionConfigurationPlatforms) = preSolution
		Debug|Any CPU = Debug|Any CPU
		Release|Any CPU = Release|Any CPU
	EndGlobalSection
	GlobalSection(ProjectConfigurationPlatforms) = postSolution
		{91C696CA-FF9B-428F-A428-FC0171E9A02D}.Debug|Any CPU.ActiveCfg = Debug|Any CPU
		{91C696CA-FF9B-428F-A428-FC0171E9A02D}.Debug|Any CPU.Build.0 = Debug|Any CPU
		{91C696CA-FF9B-428F-A428-FC0171E9A02D}.Release|Any CPU.ActiveCfg = Release|Any CPU
		{91C696CA-FF9B-428F-A428-FC0171E9A02D}.Release|Any CPU.Build.0 = Release|Any CPU
		{651D13FB-6EEA-4673-9AAD-CD861152F35F}.Debug|Any CPU.ActiveCfg = Debug|Any CPU
		{651D13FB-6EEA-4673-9AAD-CD861152F35F}.Debug|Any CPU.Build.0 = Debug|Any CPU
		{651D13FB-6EEA-4673-9AAD-CD861152F35F}.Release|Any CPU.ActiveCfg = Release|Any CPU
		{651D13FB-6EEA-4673-9AAD-CD861152F35F}.Release|Any CPU.Build.0 = Release|Any CPU
		{52FB8FEE-9BDF-421F-B6D0-43D83B157767}.Debug|Any CPU.ActiveCfg = Debug|Any CPU
		{52FB8FEE-9BDF-421F-B6D0-43D83B157767}.Debug|Any CPU.Build.0 = Debug|Any CPU
		{52FB8FEE-9BDF-421F-B6D0-43D83B157767}.Release|Any CPU.ActiveCfg = Release|Any CPU
		{52FB8FEE-9BDF-421F-B6D0-43D83B157767}.Release|Any CPU.Build.0 = Release|Any CPU
		{4553B899-E4F9-4FA2-AC3D-EDE96D2EA261}.Debug|Any CPU.ActiveCfg = Debug|Any CPU
		{4553B899-E4F9-4FA2-AC3D-EDE96D2EA261}.Debug|Any CPU.Build.0 = Debug|Any CPU
		{4553B899-E4F9-4FA2-AC3D-EDE96D2EA261}.Release|Any CPU.ActiveCfg = Release|Any CPU
		{4553B899-E4F9-4FA2-AC3D-EDE96D2EA261}.Release|Any CPU.Build.0 = Release|Any CPU
		{E8726D56-E015-4E87-944F-C006E3AED774}.Debug|Any CPU.ActiveCfg = Debug|Any CPU
		{E8726D56-E015-4E87-944F-C006E3AED774}.Debug|Any CPU.Build.0 = Debug|Any CPU
		{E8726D56-E015-4E87-944F-C006E3AED774}.Release|Any CPU.ActiveCfg = Release|Any CPU
		{E8726D56-E015-4E87-944F-C006E3AED774}.Release|Any CPU.Build.0 = Release|Any CPU
		{90624426-772D-467E-BBAA-8836651AA671}.Debug|Any CPU.ActiveCfg = Debug|Any CPU
		{90624426-772D-467E-BBAA-8836651AA671}.Debug|Any CPU.Build.0 = Debug|Any CPU
		{90624426-772D-467E-BBAA-8836651AA671}.Release|Any CPU.ActiveCfg = Release|Any CPU
		{90624426-772D-467E-BBAA-8836651AA671}.Release|Any CPU.Build.0 = Release|Any CPU
		{E4C20EA3-FE1E-4DF0-B0AB-D7002A23149F}.Debug|Any CPU.ActiveCfg = Debug|Any CPU
		{E4C20EA3-FE1E-4DF0-B0AB-D7002A23149F}.Debug|Any CPU.Build.0 = Debug|Any CPU
		{E4C20EA3-FE1E-4DF0-B0AB-D7002A23149F}.Release|Any CPU.ActiveCfg = Release|Any CPU
		{E4C20EA3-FE1E-4DF0-B0AB-D7002A23149F}.Release|Any CPU.Build.0 = Release|Any CPU
	EndGlobalSection
	GlobalSection(SolutionProperties) = preSolution
		HideSolutionNode = FALSE
	EndGlobalSection
	GlobalSection(NestedProjects) = preSolution
		{C9BAA2CA-D2E7-4065-9898-110C26CCB279} = {3F1236B8-785A-42F9-B67A-29A1E76401AE}
		{6033172F-6028-451F-9A72-8DD446FEFDC5} = {3F1236B8-785A-42F9-B67A-29A1E76401AE}
		{DCD24EBE-C0F9-432D-9D45-9B65B97305F4} = {3F1236B8-785A-42F9-B67A-29A1E76401AE}
		{1F25FC73-DBA9-4E0B-9D76-CAC153A81864} = {3F1236B8-785A-42F9-B67A-29A1E76401AE}
		{91C696CA-FF9B-428F-A428-FC0171E9A02D} = {6033172F-6028-451F-9A72-8DD446FEFDC5}
		{651D13FB-6EEA-4673-9AAD-CD861152F35F} = {6033172F-6028-451F-9A72-8DD446FEFDC5}
		{52FB8FEE-9BDF-421F-B6D0-43D83B157767} = {DCD24EBE-C0F9-432D-9D45-9B65B97305F4}
		{4553B899-E4F9-4FA2-AC3D-EDE96D2EA261} = {DCD24EBE-C0F9-432D-9D45-9B65B97305F4}
		{E8726D56-E015-4E87-944F-C006E3AED774} = {C9BAA2CA-D2E7-4065-9898-110C26CCB279}
		{90624426-772D-467E-BBAA-8836651AA671} = {1F25FC73-DBA9-4E0B-9D76-CAC153A81864}
		{E4C20EA3-FE1E-4DF0-B0AB-D7002A23149F} = {DCD24EBE-C0F9-432D-9D45-9B65B97305F4}
	EndGlobalSection
	GlobalSection(ExtensibilityGlobals) = postSolution
		SolutionGuid = {FC25A8CD-7A10-41E0-84BD-B5D277CD13B3}
	EndGlobalSection
EndGlobal
